
Microsoft Visual Studio Solution File, Format Version 12.00
# Visual Studio Version 17
VisualStudioVersion = 17.11.35219.272
MinimumVisualStudioVersion = 10.0.40219.1
Project("{2150E333-8FDC-42A3-9474-1A3956D46DE8}") = "BusinessA", "BusinessA", "{2D05AA69-D063-49A3-ADF9-7CF4E2807A56}"
	ProjectSection(SolutionItems) = preProject
		BusinessA\Directory.Build.props = BusinessA\Directory.Build.props
		BusinessA\Directory.Packages.props = BusinessA\Directory.Packages.props
	EndProjectSection
EndProject
Project("{2150E333-8FDC-42A3-9474-1A3956D46DE8}") = "BusinessB", "BusinessB", "{B9251085-2DAB-4808-B698-1A7498420290}"
	ProjectSection(SolutionItems) = preProject
		BusinessB\Directory.Build.props = BusinessB\Directory.Build.props
		BusinessB\Directory.Packages.props = BusinessB\Directory.Packages.props
	EndProjectSection
EndProject
Project("{2150E333-8FDC-42A3-9474-1A3956D46DE8}") = "ソリューション項目", "ソリューション項目", "{7FEF8D93-E083-4CDE-8DD4-F0BC209EF365}"
	ProjectSection(SolutionItems) = preProject
		.editorconfig = .editorconfig
		nuget.config = nuget.config
		Pack-BusinessA.Publick.ps1 = Pack-BusinessA.Publick.ps1
		Pack-Common.ps1 = Pack-Common.ps1
		Pack-BusinessB.ps1 = Pack-BusinessB.ps1
		Pack-BusinessA.ps1 = Pack-BusinessA.ps1
		README.md = README.md
	EndProjectSection
EndProject
Project("{2150E333-8FDC-42A3-9474-1A3956D46DE8}") = "Common", "Common", "{52AAD842-1B66-436D-8B32-89347B5D9DE5}"
	ProjectSection(SolutionItems) = preProject
		Common\Directory.Build.props = Common\Directory.Build.props
		Common\Directory.Packages.props = Common\Directory.Packages.props
	EndProjectSection
EndProject
Project("{FAE04EC0-301F-11D3-BF4B-00C04F79EFBC}") = "CommonLibrary", "Common\CommonLibrary\CommonLibrary.csproj", "{B6E53D83-D4DE-4147-BBBC-35BF5FBA0A69}"
EndProject
Project("{FAE04EC0-301F-11D3-BF4B-00C04F79EFBC}") = "CommonLibrary.Core", "Common\CommonLibrary.Core\CommonLibrary.Core.csproj", "{40C0C112-A901-438C-9E05-DA43987290D6}"
EndProject
Project("{2150E333-8FDC-42A3-9474-1A3956D46DE8}") = "EntryPoint", "EntryPoint", "{F2DDEF96-39B2-44FB-9BBD-09FFA9D056DE}"
	ProjectSection(SolutionItems) = preProject
		CommonPackageReferences.props = CommonPackageReferences.props
		EntryPoint\Directory.Build.props = EntryPoint\Directory.Build.props
		EntryPoint\Directory.Packages.props = EntryPoint\Directory.Packages.props
	EndProjectSection
EndProject
Project("{9A19103F-16F7-4668-BE54-9A1E7A4F7556}") = "EntryPointApp", "EntryPoint\EntryPointApp\EntryPointApp.csproj", "{56E282B1-74CB-4A99-94B5-7F8DBD8BAC7B}"
EndProject
Project("{FAE04EC0-301F-11D3-BF4B-00C04F79EFBC}") = "BusinessA", "BusinessA\BusinessA\BusinessA.csproj", "{0D0A2BC8-74F3-4935-9890-5E6FC2744CB4}"
EndProject
Project("{FAE04EC0-301F-11D3-BF4B-00C04F79EFBC}") = "BusinessA.Public", "BusinessA\BusinessA.Public\BusinessA.Public.csproj", "{058C55AD-371A-4984-8EE1-4A389F6EC903}"
EndProject
Project("{FAE04EC0-301F-11D3-BF4B-00C04F79EFBC}") = "BusinessB", "BusinessB\BusinessB\BusinessB.csproj", "{FC6B2BC4-6384-4965-8B11-AAAB0BA045DE}"
EndProject
Global
	GlobalSection(SolutionConfigurationPlatforms) = preSolution
		Debug|Any CPU = Debug|Any CPU
		Release|Any CPU = Release|Any CPU
	EndGlobalSection
	GlobalSection(ProjectConfigurationPlatforms) = postSolution
		{B6E53D83-D4DE-4147-BBBC-35BF5FBA0A69}.Debug|Any CPU.ActiveCfg = Debug|Any CPU
		{B6E53D83-D4DE-4147-BBBC-35BF5FBA0A69}.Debug|Any CPU.Build.0 = Debug|Any CPU
		{B6E53D83-D4DE-4147-BBBC-35BF5FBA0A69}.Release|Any CPU.ActiveCfg = Release|Any CPU
		{B6E53D83-D4DE-4147-BBBC-35BF5FBA0A69}.Release|Any CPU.Build.0 = Release|Any CPU
		{40C0C112-A901-438C-9E05-DA43987290D6}.Debug|Any CPU.ActiveCfg = Debug|Any CPU
		{40C0C112-A901-438C-9E05-DA43987290D6}.Debug|Any CPU.Build.0 = Debug|Any CPU
		{40C0C112-A901-438C-9E05-DA43987290D6}.Release|Any CPU.ActiveCfg = Release|Any CPU
		{40C0C112-A901-438C-9E05-DA43987290D6}.Release|Any CPU.Build.0 = Release|Any CPU
		{56E282B1-74CB-4A99-94B5-7F8DBD8BAC7B}.Debug|Any CPU.ActiveCfg = Debug|Any CPU
		{56E282B1-74CB-4A99-94B5-7F8DBD8BAC7B}.Debug|Any CPU.Build.0 = Debug|Any CPU
		{56E282B1-74CB-4A99-94B5-7F8DBD8BAC7B}.Release|Any CPU.ActiveCfg = Release|Any CPU
		{56E282B1-74CB-4A99-94B5-7F8DBD8BAC7B}.Release|Any CPU.Build.0 = Release|Any CPU
		{0D0A2BC8-74F3-4935-9890-5E6FC2744CB4}.Debug|Any CPU.ActiveCfg = Debug|Any CPU
		{0D0A2BC8-74F3-4935-9890-5E6FC2744CB4}.Debug|Any CPU.Build.0 = Debug|Any CPU
		{0D0A2BC8-74F3-4935-9890-5E6FC2744CB4}.Release|Any CPU.ActiveCfg = Release|Any CPU
		{0D0A2BC8-74F3-4935-9890-5E6FC2744CB4}.Release|Any CPU.Build.0 = Release|Any CPU
		{058C55AD-371A-4984-8EE1-4A389F6EC903}.Debug|Any CPU.ActiveCfg = Debug|Any CPU
		{058C55AD-371A-4984-8EE1-4A389F6EC903}.Debug|Any CPU.Build.0 = Debug|Any CPU
		{058C55AD-371A-4984-8EE1-4A389F6EC903}.Release|Any CPU.ActiveCfg = Release|Any CPU
		{058C55AD-371A-4984-8EE1-4A389F6EC903}.Release|Any CPU.Build.0 = Release|Any CPU
		{FC6B2BC4-6384-4965-8B11-AAAB0BA045DE}.Debug|Any CPU.ActiveCfg = Debug|Any CPU
		{FC6B2BC4-6384-4965-8B11-AAAB0BA045DE}.Debug|Any CPU.Build.0 = Debug|Any CPU
		{FC6B2BC4-6384-4965-8B11-AAAB0BA045DE}.Release|Any CPU.ActiveCfg = Release|Any CPU
		{FC6B2BC4-6384-4965-8B11-AAAB0BA045DE}.Release|Any CPU.Build.0 = Release|Any CPU
	EndGlobalSection
	GlobalSection(SolutionProperties) = preSolution
		HideSolutionNode = FALSE
	EndGlobalSection
	GlobalSection(NestedProjects) = preSolution
		{B6E53D83-D4DE-4147-BBBC-35BF5FBA0A69} = {52AAD842-1B66-436D-8B32-89347B5D9DE5}
		{40C0C112-A901-438C-9E05-DA43987290D6} = {52AAD842-1B66-436D-8B32-89347B5D9DE5}
		{56E282B1-74CB-4A99-94B5-7F8DBD8BAC7B} = {F2DDEF96-39B2-44FB-9BBD-09FFA9D056DE}
		{0D0A2BC8-74F3-4935-9890-5E6FC2744CB4} = {2D05AA69-D063-49A3-ADF9-7CF4E2807A56}
		{058C55AD-371A-4984-8EE1-4A389F6EC903} = {2D05AA69-D063-49A3-ADF9-7CF4E2807A56}
		{FC6B2BC4-6384-4965-8B11-AAAB0BA045DE} = {B9251085-2DAB-4808-B698-1A7498420290}
	EndGlobalSection
	GlobalSection(ExtensibilityGlobals) = postSolution
		SolutionGuid = {DC14FDCB-2404-4F69-8B64-E9245C580BCE}
	EndGlobalSection
EndGlobal
